
Microsoft Visual Studio Solution File, Format Version 12.00
# Visual Studio 14
VisualStudioVersion = 14.0.25420.1
MinimumVisualStudioVersion = 10.0.40219.1
Project("{FAE04EC0-301F-11D3-BF4B-00C04F79EFBC}") = "NestedWorld", "NestedWorld\NestedWorld.csproj", "{DC76C179-A704-44FC-BCCB-763D162CC901}"
EndProject
Project("{8BC9CEB8-8B4A-11D0-8D11-00A0C91BC942}") = "Facebook", "winsdkfb-master\FBWinSDK\FBSDK-UWP\FBSDK-UWP\FBSDK-UWP.vcxproj", "{973A943B-FF77-4267-8F30-F5FE2B7F5583}"
EndProject
Project("{2150E333-8FDC-42A3-9474-1A3956D46DE8}") = ".nuget", ".nuget", "{25B7D978-F0FA-432C-84BF-0C1BBB411765}"
	ProjectSection(SolutionItems) = preProject
		.nuget\NuGet.Config = .nuget\NuGet.Config
		.nuget\NuGet.exe = .nuget\NuGet.exe
		.nuget\NuGet.targets = .nuget\NuGet.targets
	EndProjectSection
EndProject
Project("{FAE04EC0-301F-11D3-BF4B-00C04F79EFBC}") = "SocketLib", "SocketLib\SocketLib.csproj", "{D8F77536-BEE0-4BE3-9C75-935F88AFA503}"
EndProject
Project("{FAE04EC0-301F-11D3-BF4B-00C04F79EFBC}") = "MessagePackNestedWorld", "MessagePackNestedWorld\MessagePackNestedWorld.csproj", "{EC7ADC26-BB01-4F53-B072-4402E61B8366}"
EndProject
Project("{FAE04EC0-301F-11D3-BF4B-00C04F79EFBC}") = "NestedWorldHttp", "NestedWorldHttp\NestedWorldHttp.csproj", "{12CA764E-F367-4D26-B162-DDF1A5BAF415}"
EndProject
Global
	GlobalSection(SharedMSBuildProjectFiles) = preSolution
		winsdkfb-master\FBWinSDK\FBWinSDK\FBWinSDK.Shared\FBWinSDK.Shared.vcxitems*{973a943b-ff77-4267-8f30-f5fe2b7f5583}*SharedItemsImports = 4
	EndGlobalSection
	GlobalSection(SolutionConfigurationPlatforms) = preSolution
		Debug|Any CPU = Debug|Any CPU
		Debug|ARM = Debug|ARM
		Debug|x64 = Debug|x64
		Debug|x86 = Debug|x86
		Release|Any CPU = Release|Any CPU
		Release|ARM = Release|ARM
		Release|x64 = Release|x64
		Release|x86 = Release|x86
	EndGlobalSection
	GlobalSection(ProjectConfigurationPlatforms) = postSolution
		{DC76C179-A704-44FC-BCCB-763D162CC901}.Debug|Any CPU.ActiveCfg = Debug|x86
		{DC76C179-A704-44FC-BCCB-763D162CC901}.Debug|ARM.ActiveCfg = Debug|ARM
		{DC76C179-A704-44FC-BCCB-763D162CC901}.Debug|ARM.Build.0 = Debug|ARM
		{DC76C179-A704-44FC-BCCB-763D162CC901}.Debug|ARM.Deploy.0 = Debug|ARM
		{DC76C179-A704-44FC-BCCB-763D162CC901}.Debug|x64.ActiveCfg = Debug|x64
		{DC76C179-A704-44FC-BCCB-763D162CC901}.Debug|x64.Build.0 = Debug|x64
		{DC76C179-A704-44FC-BCCB-763D162CC901}.Debug|x64.Deploy.0 = Debug|x64
		{DC76C179-A704-44FC-BCCB-763D162CC901}.Debug|x86.ActiveCfg = Debug|x86
		{DC76C179-A704-44FC-BCCB-763D162CC901}.Debug|x86.Build.0 = Debug|x86
		{DC76C179-A704-44FC-BCCB-763D162CC901}.Debug|x86.Deploy.0 = Debug|x86
		{DC76C179-A704-44FC-BCCB-763D162CC901}.Release|Any CPU.ActiveCfg = Release|x86
		{DC76C179-A704-44FC-BCCB-763D162CC901}.Release|ARM.ActiveCfg = Release|ARM
		{DC76C179-A704-44FC-BCCB-763D162CC901}.Release|ARM.Build.0 = Release|ARM
		{DC76C179-A704-44FC-BCCB-763D162CC901}.Release|ARM.Deploy.0 = Release|ARM
		{DC76C179-A704-44FC-BCCB-763D162CC901}.Release|x64.ActiveCfg = Release|x64
		{DC76C179-A704-44FC-BCCB-763D162CC901}.Release|x64.Build.0 = Release|x64
		{DC76C179-A704-44FC-BCCB-763D162CC901}.Release|x64.Deploy.0 = Release|x64
		{DC76C179-A704-44FC-BCCB-763D162CC901}.Release|x86.ActiveCfg = Release|x86
		{DC76C179-A704-44FC-BCCB-763D162CC901}.Release|x86.Build.0 = Release|x86
		{DC76C179-A704-44FC-BCCB-763D162CC901}.Release|x86.Deploy.0 = Release|x86
		{973A943B-FF77-4267-8F30-F5FE2B7F5583}.Debug|Any CPU.ActiveCfg = Debug|Win32
		{973A943B-FF77-4267-8F30-F5FE2B7F5583}.Debug|ARM.ActiveCfg = Debug|ARM
		{973A943B-FF77-4267-8F30-F5FE2B7F5583}.Debug|ARM.Build.0 = Debug|ARM
		{973A943B-FF77-4267-8F30-F5FE2B7F5583}.Debug|x64.ActiveCfg = Debug|x64
		{973A943B-FF77-4267-8F30-F5FE2B7F5583}.Debug|x64.Build.0 = Debug|x64
		{973A943B-FF77-4267-8F30-F5FE2B7F5583}.Debug|x86.ActiveCfg = Debug|Win32
		{973A943B-FF77-4267-8F30-F5FE2B7F5583}.Debug|x86.Build.0 = Debug|Win32
		{973A943B-FF77-4267-8F30-F5FE2B7F5583}.Release|Any CPU.ActiveCfg = Release|Win32
		{973A943B-FF77-4267-8F30-F5FE2B7F5583}.Release|ARM.ActiveCfg = Release|ARM
		{973A943B-FF77-4267-8F30-F5FE2B7F5583}.Release|ARM.Build.0 = Release|ARM
		{973A943B-FF77-4267-8F30-F5FE2B7F5583}.Release|x64.ActiveCfg = Release|x64
		{973A943B-FF77-4267-8F30-F5FE2B7F5583}.Release|x64.Build.0 = Release|x64
		{973A943B-FF77-4267-8F30-F5FE2B7F5583}.Release|x86.ActiveCfg = Release|Win32
		{973A943B-FF77-4267-8F30-F5FE2B7F5583}.Release|x86.Build.0 = Release|Win32
		{D8F77536-BEE0-4BE3-9C75-935F88AFA503}.Debug|Any CPU.ActiveCfg = Debug|Any CPU
		{D8F77536-BEE0-4BE3-9C75-935F88AFA503}.Debug|Any CPU.Build.0 = Debug|Any CPU
		{D8F77536-BEE0-4BE3-9C75-935F88AFA503}.Debug|ARM.ActiveCfg = Debug|ARM
		{D8F77536-BEE0-4BE3-9C75-935F88AFA503}.Debug|ARM.Build.0 = Debug|ARM
		{D8F77536-BEE0-4BE3-9C75-935F88AFA503}.Debug|x64.ActiveCfg = Debug|x64
		{D8F77536-BEE0-4BE3-9C75-935F88AFA503}.Debug|x64.Build.0 = Debug|x64
		{D8F77536-BEE0-4BE3-9C75-935F88AFA503}.Debug|x86.ActiveCfg = Debug|x86
		{D8F77536-BEE0-4BE3-9C75-935F88AFA503}.Debug|x86.Build.0 = Debug|x86
		{D8F77536-BEE0-4BE3-9C75-935F88AFA503}.Release|Any CPU.ActiveCfg = Release|Any CPU
		{D8F77536-BEE0-4BE3-9C75-935F88AFA503}.Release|Any CPU.Build.0 = Release|Any CPU
		{D8F77536-BEE0-4BE3-9C75-935F88AFA503}.Release|ARM.ActiveCfg = Release|ARM
		{D8F77536-BEE0-4BE3-9C75-935F88AFA503}.Release|ARM.Build.0 = Release|ARM
		{D8F77536-BEE0-4BE3-9C75-935F88AFA503}.Release|x64.ActiveCfg = Release|x64
		{D8F77536-BEE0-4BE3-9C75-935F88AFA503}.Release|x64.Build.0 = Release|x64
		{D8F77536-BEE0-4BE3-9C75-935F88AFA503}.Release|x86.ActiveCfg = Release|x86
		{D8F77536-BEE0-4BE3-9C75-935F88AFA503}.Release|x86.Build.0 = Release|x86
		{EC7ADC26-BB01-4F53-B072-4402E61B8366}.Debug|Any CPU.ActiveCfg = Debug|Any CPU
		{EC7ADC26-BB01-4F53-B072-4402E61B8366}.Debug|Any CPU.Build.0 = Debug|Any CPU
		{EC7ADC26-BB01-4F53-B072-4402E61B8366}.Debug|ARM.ActiveCfg = Debug|ARM
		{EC7ADC26-BB01-4F53-B072-4402E61B8366}.Debug|ARM.Build.0 = Debug|ARM
		{EC7ADC26-BB01-4F53-B072-4402E61B8366}.Debug|x64.ActiveCfg = Debug|x64
		{EC7ADC26-BB01-4F53-B072-4402E61B8366}.Debug|x64.Build.0 = Debug|x64
		{EC7ADC26-BB01-4F53-B072-4402E61B8366}.Debug|x86.ActiveCfg = Debug|x86
		{EC7ADC26-BB01-4F53-B072-4402E61B8366}.Debug|x86.Build.0 = Debug|x86
		{EC7ADC26-BB01-4F53-B072-4402E61B8366}.Release|Any CPU.ActiveCfg = Release|Any CPU
		{EC7ADC26-BB01-4F53-B072-4402E61B8366}.Release|Any CPU.Build.0 = Release|Any CPU
		{EC7ADC26-BB01-4F53-B072-4402E61B8366}.Release|ARM.ActiveCfg = Release|ARM
		{EC7ADC26-BB01-4F53-B072-4402E61B8366}.Release|ARM.Build.0 = Release|ARM
		{EC7ADC26-BB01-4F53-B072-4402E61B8366}.Release|x64.ActiveCfg = Release|x64
		{EC7ADC26-BB01-4F53-B072-4402E61B8366}.Release|x64.Build.0 = Release|x64
		{EC7ADC26-BB01-4F53-B072-4402E61B8366}.Release|x86.ActiveCfg = Release|x86
		{EC7ADC26-BB01-4F53-B072-4402E61B8366}.Release|x86.Build.0 = Release|x86
		{12CA764E-F367-4D26-B162-DDF1A5BAF415}.Debug|Any CPU.ActiveCfg = Debug|Any CPU
		{12CA764E-F367-4D26-B162-DDF1A5BAF415}.Debug|Any CPU.Build.0 = Debug|Any CPU
		{12CA764E-F367-4D26-B162-DDF1A5BAF415}.Debug|ARM.ActiveCfg = Debug|ARM
		{12CA764E-F367-4D26-B162-DDF1A5BAF415}.Debug|ARM.Build.0 = Debug|ARM
		{12CA764E-F367-4D26-B162-DDF1A5BAF415}.Debug|x64.ActiveCfg = Debug|x64
		{12CA764E-F367-4D26-B162-DDF1A5BAF415}.Debug|x64.Build.0 = Debug|x64
		{12CA764E-F367-4D26-B162-DDF1A5BAF415}.Debug|x86.ActiveCfg = Debug|x86
		{12CA764E-F367-4D26-B162-DDF1A5BAF415}.Debug|x86.Build.0 = Debug|x86
		{12CA764E-F367-4D26-B162-DDF1A5BAF415}.Release|Any CPU.ActiveCfg = Release|Any CPU
		{12CA764E-F367-4D26-B162-DDF1A5BAF415}.Release|Any CPU.Build.0 = Release|Any CPU
		{12CA764E-F367-4D26-B162-DDF1A5BAF415}.Release|ARM.ActiveCfg = Release|ARM
		{12CA764E-F367-4D26-B162-DDF1A5BAF415}.Release|ARM.Build.0 = Release|ARM
		{12CA764E-F367-4D26-B162-DDF1A5BAF415}.Release|x64.ActiveCfg = Release|x64
		{12CA764E-F367-4D26-B162-DDF1A5BAF415}.Release|x64.Build.0 = Release|x64
		{12CA764E-F367-4D26-B162-DDF1A5BAF415}.Release|x86.ActiveCfg = Release|x86
		{12CA764E-F367-4D26-B162-DDF1A5BAF415}.Release|x86.Build.0 = Release|x86
	EndGlobalSection
	GlobalSection(SolutionProperties) = preSolution
		HideSolutionNode = FALSE
	EndGlobalSection
EndGlobal
